
Microsoft Visual Studio Solution File, Format Version 12.00
Project("{FAE04EC0-301F-11D3-BF4B-00C04F79EFBC}") = "MarkertplaceApi", "MarkertplaceApi\MarkertplaceApi.csproj", "{6EBC61D3-D42F-4FA1-8ACB-289D488E3078}"
EndProject
Global
	GlobalSection(SolutionConfigurationPlatforms) = preSolution
		Debug|Any CPU = Debug|Any CPU
		Release|Any CPU = Release|Any CPU
	EndGlobalSection
	GlobalSection(ProjectConfigurationPlatforms) = postSolution
		{6EBC61D3-D42F-4FA1-8ACB-289D488E3078}.Debug|Any CPU.ActiveCfg = Debug|Any CPU
		{6EBC61D3-D42F-4FA1-8ACB-289D488E3078}.Debug|Any CPU.Build.0 = Debug|Any CPU
		{6EBC61D3-D42F-4FA1-8ACB-289D488E3078}.Release|Any CPU.ActiveCfg = Release|Any CPU
		{6EBC61D3-D42F-4FA1-8ACB-289D488E3078}.Release|Any CPU.Build.0 = Release|Any CPU
	EndGlobalSection
EndGlobal
